
Microsoft Visual Studio Solution File, Format Version 12.00
# Visual Studio Version 17
VisualStudioVersion = 17.11.35312.102
MinimumVisualStudioVersion = 10.0.40219.1
Project("{FAE04EC0-301F-11D3-BF4B-00C04F79EFBC}") = "UniquePaths2", "UniquePaths2\UniquePaths2.csproj", "{8E3BE5F8-EB32-4D71-AB87-9E82497DBE10}"
EndProject
Global
	GlobalSection(SolutionConfigurationPlatforms) = preSolution
		Debug|Any CPU = Debug|Any CPU
		Release|Any CPU = Release|Any CPU
	EndGlobalSection
	GlobalSection(ProjectConfigurationPlatforms) = postSolution
		{8E3BE5F8-EB32-4D71-AB87-9E82497DBE10}.Debug|Any CPU.ActiveCfg = Debug|Any CPU
		{8E3BE5F8-EB32-4D71-AB87-9E82497DBE10}.Debug|Any CPU.Build.0 = Debug|Any CPU
		{8E3BE5F8-EB32-4D71-AB87-9E82497DBE10}.Release|Any CPU.ActiveCfg = Release|Any CPU
		{8E3BE5F8-EB32-4D71-AB87-9E82497DBE10}.Release|Any CPU.Build.0 = Release|Any CPU
	EndGlobalSection
	GlobalSection(SolutionProperties) = preSolution
		HideSolutionNode = FALSE
	EndGlobalSection
	GlobalSection(ExtensibilityGlobals) = postSolution
		SolutionGuid = {754D241C-3CF3-43A3-937D-7CB0B3773AA3}
	EndGlobalSection
EndGlobal
